
Microsoft Visual Studio Solution File, Format Version 12.00
# Visual Studio 2013
VisualStudioVersion = 12.0.21005.1
MinimumVisualStudioVersion = 10.0.40219.1
Project("{FAE04EC0-301F-11D3-BF4B-00C04F79EFBC}") = "MapTools", "MapTool\MapTools.csproj", "{950F059B-8F6B-4F11-85CC-E1455C2E3D6B}"
	ProjectSection(ProjectDependencies) = postProject
		{FD7A1AE6-E640-4604-B6FF-2EC40505BC65} = {FD7A1AE6-E640-4604-B6FF-2EC40505BC65}
	EndProjectSection
EndProject
Project("{FAE04EC0-301F-11D3-BF4B-00C04F79EFBC}") = "Lzma", "Lzma\Lzma.csproj", "{FD7A1AE6-E640-4604-B6FF-2EC40505BC65}"
EndProject
Project("{FAE04EC0-301F-11D3-BF4B-00C04F79EFBC}") = "CreateMap", "CreateMap.cs\CreateMap.csproj", "{7601E5AC-BEAD-43DD-9880-C1443E4B1DD5}"
EndProject
Project("{FAE04EC0-301F-11D3-BF4B-00C04F79EFBC}") = "ExtractMap", "ExtractMap\ExtractMap.csproj", "{AC03C8F9-429D-4F75-8C7D-F4A64AFA080F}"
EndProject
Project("{FAE04EC0-301F-11D3-BF4B-00C04F79EFBC}") = "Game", "Game\Game\Game.csproj", "{E3EFB6A9-2207-41B1-8FC5-2EE5B67377EF}"
EndProject
Project("{FAE04EC0-301F-11D3-BF4B-00C04F79EFBC}") = "Vexillum", "ZombieSurvival\Vexillum.csproj", "{A49127F3-000B-449D-9BDD-C41FEC468D25}"
EndProject
Project("{FAE04EC0-301F-11D3-BF4B-00C04F79EFBC}") = "VexillumContent", "ZombieSurvivalContent\VexillumContent.contentproj", "{992C403F-0D4E-4EB8-8639-C8FCC6ADD58B}"
EndProject
Project("{FAE04EC0-301F-11D3-BF4B-00C04F79EFBC}") = "Server", "Server\Server.csproj", "{B388E7E2-DA9E-49B1-943E-1C7B34FB02A8}"
EndProject
Project("{FAE04EC0-301F-11D3-BF4B-00C04F79EFBC}") = "ServerStart", "ServerStart\ServerStart.csproj", "{B42A4AE0-5070-4C88-92E6-7A256A7FE697}"
	ProjectSection(ProjectDependencies) = postProject
		{E3EFB6A9-2207-41B1-8FC5-2EE5B67377EF} = {E3EFB6A9-2207-41B1-8FC5-2EE5B67377EF}
	EndProjectSection
EndProject
Project("{FAE04EC0-301F-11D3-BF4B-00C04F79EFBC}") = "PlatformWindows", "Platform\PlatformWindows.csproj", "{F266F27A-090A-415F-A37E-EB81EE8AB619}"
EndProject
Project("{FAE04EC0-301F-11D3-BF4B-00C04F79EFBC}") = "PlatformLinux", "PlatformLinux\PlatformLinux.csproj", "{A20C5C51-F6DE-4D7C-AD90-BA3C3E3AA954}"
EndProject
Global
	GlobalSection(SolutionConfigurationPlatforms) = preSolution
		Debug|Any CPU = Debug|Any CPU
		Debug|Mixed Platforms = Debug|Mixed Platforms
		Debug|x64 = Debug|x64
		Debug|x86 = Debug|x86
		Debug|Xbox 360 = Debug|Xbox 360
		OSX-Linux|Any CPU = OSX-Linux|Any CPU
		OSX-Linux|Mixed Platforms = OSX-Linux|Mixed Platforms
		OSX-Linux|x64 = OSX-Linux|x64
		OSX-Linux|x86 = OSX-Linux|x86
		OSX-Linux|Xbox 360 = OSX-Linux|Xbox 360
		Release|Any CPU = Release|Any CPU
		Release|Mixed Platforms = Release|Mixed Platforms
		Release|x64 = Release|x64
		Release|x86 = Release|x86
		Release|Xbox 360 = Release|Xbox 360
		Windows|Any CPU = Windows|Any CPU
		Windows|Mixed Platforms = Windows|Mixed Platforms
		Windows|x64 = Windows|x64
		Windows|x86 = Windows|x86
		Windows|Xbox 360 = Windows|Xbox 360
	EndGlobalSection
	GlobalSection(ProjectConfigurationPlatforms) = postSolution
		{950F059B-8F6B-4F11-85CC-E1455C2E3D6B}.Debug|Any CPU.ActiveCfg = Debug|x86
		{950F059B-8F6B-4F11-85CC-E1455C2E3D6B}.Debug|Mixed Platforms.ActiveCfg = Debug|x86
		{950F059B-8F6B-4F11-85CC-E1455C2E3D6B}.Debug|Mixed Platforms.Build.0 = Debug|x86
		{950F059B-8F6B-4F11-85CC-E1455C2E3D6B}.Debug|x64.ActiveCfg = Debug|x86
		{950F059B-8F6B-4F11-85CC-E1455C2E3D6B}.Debug|x86.ActiveCfg = Debug|x86
		{950F059B-8F6B-4F11-85CC-E1455C2E3D6B}.Debug|x86.Build.0 = Debug|x86
		{950F059B-8F6B-4F11-85CC-E1455C2E3D6B}.Debug|Xbox 360.ActiveCfg = Debug|x86
		{950F059B-8F6B-4F11-85CC-E1455C2E3D6B}.OSX-Linux|Any CPU.ActiveCfg = Release|x86
		{950F059B-8F6B-4F11-85CC-E1455C2E3D6B}.OSX-Linux|Mixed Platforms.ActiveCfg = Release|x86
		{950F059B-8F6B-4F11-85CC-E1455C2E3D6B}.OSX-Linux|Mixed Platforms.Build.0 = Release|x86
		{950F059B-8F6B-4F11-85CC-E1455C2E3D6B}.OSX-Linux|x64.ActiveCfg = Release|x86
		{950F059B-8F6B-4F11-85CC-E1455C2E3D6B}.OSX-Linux|x86.ActiveCfg = Release|x86
		{950F059B-8F6B-4F11-85CC-E1455C2E3D6B}.OSX-Linux|x86.Build.0 = Release|x86
		{950F059B-8F6B-4F11-85CC-E1455C2E3D6B}.OSX-Linux|Xbox 360.ActiveCfg = Release|x86
		{950F059B-8F6B-4F11-85CC-E1455C2E3D6B}.Release|Any CPU.ActiveCfg = Release|x86
		{950F059B-8F6B-4F11-85CC-E1455C2E3D6B}.Release|Mixed Platforms.ActiveCfg = Release|x86
		{950F059B-8F6B-4F11-85CC-E1455C2E3D6B}.Release|Mixed Platforms.Build.0 = Release|x86
		{950F059B-8F6B-4F11-85CC-E1455C2E3D6B}.Release|x64.ActiveCfg = Release|x86
		{950F059B-8F6B-4F11-85CC-E1455C2E3D6B}.Release|x86.ActiveCfg = Release|x86
		{950F059B-8F6B-4F11-85CC-E1455C2E3D6B}.Release|x86.Build.0 = Release|x86
		{950F059B-8F6B-4F11-85CC-E1455C2E3D6B}.Release|Xbox 360.ActiveCfg = Release|x86
		{950F059B-8F6B-4F11-85CC-E1455C2E3D6B}.Windows|Any CPU.ActiveCfg = Release|x86
		{950F059B-8F6B-4F11-85CC-E1455C2E3D6B}.Windows|Mixed Platforms.ActiveCfg = Release|x86
		{950F059B-8F6B-4F11-85CC-E1455C2E3D6B}.Windows|Mixed Platforms.Build.0 = Release|x86
		{950F059B-8F6B-4F11-85CC-E1455C2E3D6B}.Windows|x64.ActiveCfg = Release|x86
		{950F059B-8F6B-4F11-85CC-E1455C2E3D6B}.Windows|x86.ActiveCfg = Release|x86
		{950F059B-8F6B-4F11-85CC-E1455C2E3D6B}.Windows|x86.Build.0 = Release|x86
		{950F059B-8F6B-4F11-85CC-E1455C2E3D6B}.Windows|Xbox 360.ActiveCfg = Release|x86
		{FD7A1AE6-E640-4604-B6FF-2EC40505BC65}.Debug|Any CPU.ActiveCfg = Debug|Any CPU
		{FD7A1AE6-E640-4604-B6FF-2EC40505BC65}.Debug|Any CPU.Build.0 = Debug|Any CPU
		{FD7A1AE6-E640-4604-B6FF-2EC40505BC65}.Debug|Mixed Platforms.ActiveCfg = Debug|Any CPU
		{FD7A1AE6-E640-4604-B6FF-2EC40505BC65}.Debug|Mixed Platforms.Build.0 = Debug|Any CPU
		{FD7A1AE6-E640-4604-B6FF-2EC40505BC65}.Debug|x64.ActiveCfg = Debug|Any CPU
		{FD7A1AE6-E640-4604-B6FF-2EC40505BC65}.Debug|x86.ActiveCfg = Debug|Any CPU
		{FD7A1AE6-E640-4604-B6FF-2EC40505BC65}.Debug|Xbox 360.ActiveCfg = Debug|Any CPU
		{FD7A1AE6-E640-4604-B6FF-2EC40505BC65}.OSX-Linux|Any CPU.ActiveCfg = Release|Any CPU
		{FD7A1AE6-E640-4604-B6FF-2EC40505BC65}.OSX-Linux|Any CPU.Build.0 = Release|Any CPU
		{FD7A1AE6-E640-4604-B6FF-2EC40505BC65}.OSX-Linux|Mixed Platforms.ActiveCfg = Release|Any CPU
		{FD7A1AE6-E640-4604-B6FF-2EC40505BC65}.OSX-Linux|Mixed Platforms.Build.0 = Release|Any CPU
		{FD7A1AE6-E640-4604-B6FF-2EC40505BC65}.OSX-Linux|x64.ActiveCfg = Release|Any CPU
		{FD7A1AE6-E640-4604-B6FF-2EC40505BC65}.OSX-Linux|x86.ActiveCfg = Release|Any CPU
		{FD7A1AE6-E640-4604-B6FF-2EC40505BC65}.OSX-Linux|Xbox 360.ActiveCfg = Release|Any CPU
		{FD7A1AE6-E640-4604-B6FF-2EC40505BC65}.Release|Any CPU.ActiveCfg = Release|Any CPU
		{FD7A1AE6-E640-4604-B6FF-2EC40505BC65}.Release|Any CPU.Build.0 = Release|Any CPU
		{FD7A1AE6-E640-4604-B6FF-2EC40505BC65}.Release|Mixed Platforms.ActiveCfg = Release|Any CPU
		{FD7A1AE6-E640-4604-B6FF-2EC40505BC65}.Release|Mixed Platforms.Build.0 = Release|Any CPU
		{FD7A1AE6-E640-4604-B6FF-2EC40505BC65}.Release|x64.ActiveCfg = Release|Any CPU
		{FD7A1AE6-E640-4604-B6FF-2EC40505BC65}.Release|x86.ActiveCfg = Release|Any CPU
		{FD7A1AE6-E640-4604-B6FF-2EC40505BC65}.Release|Xbox 360.ActiveCfg = Release|Any CPU
		{FD7A1AE6-E640-4604-B6FF-2EC40505BC65}.Windows|Any CPU.ActiveCfg = Release|Any CPU
		{FD7A1AE6-E640-4604-B6FF-2EC40505BC65}.Windows|Any CPU.Build.0 = Release|Any CPU
		{FD7A1AE6-E640-4604-B6FF-2EC40505BC65}.Windows|Mixed Platforms.ActiveCfg = Release|Any CPU
		{FD7A1AE6-E640-4604-B6FF-2EC40505BC65}.Windows|Mixed Platforms.Build.0 = Release|Any CPU
		{FD7A1AE6-E640-4604-B6FF-2EC40505BC65}.Windows|x64.ActiveCfg = Release|Any CPU
		{FD7A1AE6-E640-4604-B6FF-2EC40505BC65}.Windows|x86.ActiveCfg = Release|Any CPU
		{FD7A1AE6-E640-4604-B6FF-2EC40505BC65}.Windows|Xbox 360.ActiveCfg = Release|Any CPU
		{7601E5AC-BEAD-43DD-9880-C1443E4B1DD5}.Debug|Any CPU.ActiveCfg = Debug|x86
		{7601E5AC-BEAD-43DD-9880-C1443E4B1DD5}.Debug|Mixed Platforms.ActiveCfg = Debug|x86
		{7601E5AC-BEAD-43DD-9880-C1443E4B1DD5}.Debug|Mixed Platforms.Build.0 = Debug|x86
		{7601E5AC-BEAD-43DD-9880-C1443E4B1DD5}.Debug|x64.ActiveCfg = Debug|x86
		{7601E5AC-BEAD-43DD-9880-C1443E4B1DD5}.Debug|x86.ActiveCfg = Debug|x86
		{7601E5AC-BEAD-43DD-9880-C1443E4B1DD5}.Debug|x86.Build.0 = Debug|x86
		{7601E5AC-BEAD-43DD-9880-C1443E4B1DD5}.Debug|Xbox 360.ActiveCfg = Debug|x86
		{7601E5AC-BEAD-43DD-9880-C1443E4B1DD5}.OSX-Linux|Any CPU.ActiveCfg = Release|x86
		{7601E5AC-BEAD-43DD-9880-C1443E4B1DD5}.OSX-Linux|Mixed Platforms.ActiveCfg = Release|x86
		{7601E5AC-BEAD-43DD-9880-C1443E4B1DD5}.OSX-Linux|Mixed Platforms.Build.0 = Release|x86
		{7601E5AC-BEAD-43DD-9880-C1443E4B1DD5}.OSX-Linux|x64.ActiveCfg = Release|x86
		{7601E5AC-BEAD-43DD-9880-C1443E4B1DD5}.OSX-Linux|x86.ActiveCfg = Release|x86
		{7601E5AC-BEAD-43DD-9880-C1443E4B1DD5}.OSX-Linux|x86.Build.0 = Release|x86
		{7601E5AC-BEAD-43DD-9880-C1443E4B1DD5}.OSX-Linux|Xbox 360.ActiveCfg = Release|x86
		{7601E5AC-BEAD-43DD-9880-C1443E4B1DD5}.Release|Any CPU.ActiveCfg = Release|x86
		{7601E5AC-BEAD-43DD-9880-C1443E4B1DD5}.Release|Mixed Platforms.ActiveCfg = Release|x86
		{7601E5AC-BEAD-43DD-9880-C1443E4B1DD5}.Release|Mixed Platforms.Build.0 = Release|x86
		{7601E5AC-BEAD-43DD-9880-C1443E4B1DD5}.Release|x64.ActiveCfg = Release|x86
		{7601E5AC-BEAD-43DD-9880-C1443E4B1DD5}.Release|x86.ActiveCfg = Release|x86
		{7601E5AC-BEAD-43DD-9880-C1443E4B1DD5}.Release|x86.Build.0 = Release|x86
		{7601E5AC-BEAD-43DD-9880-C1443E4B1DD5}.Release|Xbox 360.ActiveCfg = Release|x86
		{7601E5AC-BEAD-43DD-9880-C1443E4B1DD5}.Windows|Any CPU.ActiveCfg = Release|x86
		{7601E5AC-BEAD-43DD-9880-C1443E4B1DD5}.Windows|Mixed Platforms.ActiveCfg = Release|x86
		{7601E5AC-BEAD-43DD-9880-C1443E4B1DD5}.Windows|Mixed Platforms.Build.0 = Release|x86
		{7601E5AC-BEAD-43DD-9880-C1443E4B1DD5}.Windows|x64.ActiveCfg = Release|x86
		{7601E5AC-BEAD-43DD-9880-C1443E4B1DD5}.Windows|x86.ActiveCfg = Release|x86
		{7601E5AC-BEAD-43DD-9880-C1443E4B1DD5}.Windows|x86.Build.0 = Release|x86
		{7601E5AC-BEAD-43DD-9880-C1443E4B1DD5}.Windows|Xbox 360.ActiveCfg = Release|x86
		{AC03C8F9-429D-4F75-8C7D-F4A64AFA080F}.Debug|Any CPU.ActiveCfg = Debug|x86
		{AC03C8F9-429D-4F75-8C7D-F4A64AFA080F}.Debug|Mixed Platforms.ActiveCfg = Debug|x86
		{AC03C8F9-429D-4F75-8C7D-F4A64AFA080F}.Debug|Mixed Platforms.Build.0 = Debug|x86
		{AC03C8F9-429D-4F75-8C7D-F4A64AFA080F}.Debug|x64.ActiveCfg = Debug|x86
		{AC03C8F9-429D-4F75-8C7D-F4A64AFA080F}.Debug|x86.ActiveCfg = Debug|x86
		{AC03C8F9-429D-4F75-8C7D-F4A64AFA080F}.Debug|x86.Build.0 = Debug|x86
		{AC03C8F9-429D-4F75-8C7D-F4A64AFA080F}.Debug|Xbox 360.ActiveCfg = Debug|x86
		{AC03C8F9-429D-4F75-8C7D-F4A64AFA080F}.OSX-Linux|Any CPU.ActiveCfg = Release|x86
		{AC03C8F9-429D-4F75-8C7D-F4A64AFA080F}.OSX-Linux|Mixed Platforms.ActiveCfg = Release|x86
		{AC03C8F9-429D-4F75-8C7D-F4A64AFA080F}.OSX-Linux|Mixed Platforms.Build.0 = Release|x86
		{AC03C8F9-429D-4F75-8C7D-F4A64AFA080F}.OSX-Linux|x64.ActiveCfg = Release|x86
		{AC03C8F9-429D-4F75-8C7D-F4A64AFA080F}.OSX-Linux|x86.ActiveCfg = Release|x86
		{AC03C8F9-429D-4F75-8C7D-F4A64AFA080F}.OSX-Linux|x86.Build.0 = Release|x86
		{AC03C8F9-429D-4F75-8C7D-F4A64AFA080F}.OSX-Linux|Xbox 360.ActiveCfg = Release|x86
		{AC03C8F9-429D-4F75-8C7D-F4A64AFA080F}.Release|Any CPU.ActiveCfg = Release|x86
		{AC03C8F9-429D-4F75-8C7D-F4A64AFA080F}.Release|Mixed Platforms.ActiveCfg = Release|x86
		{AC03C8F9-429D-4F75-8C7D-F4A64AFA080F}.Release|Mixed Platforms.Build.0 = Release|x86
		{AC03C8F9-429D-4F75-8C7D-F4A64AFA080F}.Release|x64.ActiveCfg = Release|x86
		{AC03C8F9-429D-4F75-8C7D-F4A64AFA080F}.Release|x86.ActiveCfg = Release|x86
		{AC03C8F9-429D-4F75-8C7D-F4A64AFA080F}.Release|x86.Build.0 = Release|x86
		{AC03C8F9-429D-4F75-8C7D-F4A64AFA080F}.Release|Xbox 360.ActiveCfg = Release|x86
		{AC03C8F9-429D-4F75-8C7D-F4A64AFA080F}.Windows|Any CPU.ActiveCfg = Release|x86
		{AC03C8F9-429D-4F75-8C7D-F4A64AFA080F}.Windows|Mixed Platforms.ActiveCfg = Release|x86
		{AC03C8F9-429D-4F75-8C7D-F4A64AFA080F}.Windows|Mixed Platforms.Build.0 = Release|x86
		{AC03C8F9-429D-4F75-8C7D-F4A64AFA080F}.Windows|x64.ActiveCfg = Release|x86
		{AC03C8F9-429D-4F75-8C7D-F4A64AFA080F}.Windows|x86.ActiveCfg = Release|x86
		{AC03C8F9-429D-4F75-8C7D-F4A64AFA080F}.Windows|x86.Build.0 = Release|x86
		{AC03C8F9-429D-4F75-8C7D-F4A64AFA080F}.Windows|Xbox 360.ActiveCfg = Release|x86
		{E3EFB6A9-2207-41B1-8FC5-2EE5B67377EF}.Debug|Any CPU.ActiveCfg = Debug|x86
		{E3EFB6A9-2207-41B1-8FC5-2EE5B67377EF}.Debug|Mixed Platforms.ActiveCfg = Debug|x86
		{E3EFB6A9-2207-41B1-8FC5-2EE5B67377EF}.Debug|Mixed Platforms.Build.0 = Debug|x86
		{E3EFB6A9-2207-41B1-8FC5-2EE5B67377EF}.Debug|x64.ActiveCfg = Debug|x86
		{E3EFB6A9-2207-41B1-8FC5-2EE5B67377EF}.Debug|x86.ActiveCfg = Debug|x86
		{E3EFB6A9-2207-41B1-8FC5-2EE5B67377EF}.Debug|x86.Build.0 = Debug|x86
		{E3EFB6A9-2207-41B1-8FC5-2EE5B67377EF}.Debug|Xbox 360.ActiveCfg = Debug|x86
		{E3EFB6A9-2207-41B1-8FC5-2EE5B67377EF}.Debug|Xbox 360.Build.0 = Debug|x86
		{E3EFB6A9-2207-41B1-8FC5-2EE5B67377EF}.OSX-Linux|Any CPU.ActiveCfg = Release|x86
		{E3EFB6A9-2207-41B1-8FC5-2EE5B67377EF}.OSX-Linux|Mixed Platforms.ActiveCfg = Release|x86
		{E3EFB6A9-2207-41B1-8FC5-2EE5B67377EF}.OSX-Linux|Mixed Platforms.Build.0 = Release|x86
		{E3EFB6A9-2207-41B1-8FC5-2EE5B67377EF}.OSX-Linux|x64.ActiveCfg = Release|x86
		{E3EFB6A9-2207-41B1-8FC5-2EE5B67377EF}.OSX-Linux|x86.ActiveCfg = Release|x86
		{E3EFB6A9-2207-41B1-8FC5-2EE5B67377EF}.OSX-Linux|x86.Build.0 = Release|x86
		{E3EFB6A9-2207-41B1-8FC5-2EE5B67377EF}.OSX-Linux|Xbox 360.ActiveCfg = Release|x86
		{E3EFB6A9-2207-41B1-8FC5-2EE5B67377EF}.Release|Any CPU.ActiveCfg = Release|x86
		{E3EFB6A9-2207-41B1-8FC5-2EE5B67377EF}.Release|Mixed Platforms.ActiveCfg = Release|x86
		{E3EFB6A9-2207-41B1-8FC5-2EE5B67377EF}.Release|Mixed Platforms.Build.0 = Release|x86
		{E3EFB6A9-2207-41B1-8FC5-2EE5B67377EF}.Release|x64.ActiveCfg = Release|x86
		{E3EFB6A9-2207-41B1-8FC5-2EE5B67377EF}.Release|x86.ActiveCfg = Release|x86
		{E3EFB6A9-2207-41B1-8FC5-2EE5B67377EF}.Release|x86.Build.0 = Release|x86
		{E3EFB6A9-2207-41B1-8FC5-2EE5B67377EF}.Release|Xbox 360.ActiveCfg = Release|x86
		{E3EFB6A9-2207-41B1-8FC5-2EE5B67377EF}.Release|Xbox 360.Build.0 = Release|x86
		{E3EFB6A9-2207-41B1-8FC5-2EE5B67377EF}.Windows|Any CPU.ActiveCfg = Release|x86
		{E3EFB6A9-2207-41B1-8FC5-2EE5B67377EF}.Windows|Mixed Platforms.ActiveCfg = Release|x86
		{E3EFB6A9-2207-41B1-8FC5-2EE5B67377EF}.Windows|Mixed Platforms.Build.0 = Release|x86
		{E3EFB6A9-2207-41B1-8FC5-2EE5B67377EF}.Windows|x64.ActiveCfg = Release|x86
		{E3EFB6A9-2207-41B1-8FC5-2EE5B67377EF}.Windows|x86.ActiveCfg = Release|x86
		{E3EFB6A9-2207-41B1-8FC5-2EE5B67377EF}.Windows|x86.Build.0 = Release|x86
		{E3EFB6A9-2207-41B1-8FC5-2EE5B67377EF}.Windows|Xbox 360.ActiveCfg = Release|x86
		{A49127F3-000B-449D-9BDD-C41FEC468D25}.Debug|Any CPU.ActiveCfg = Debug|x86
		{A49127F3-000B-449D-9BDD-C41FEC468D25}.Debug|Mixed Platforms.ActiveCfg = Debug|x86
		{A49127F3-000B-449D-9BDD-C41FEC468D25}.Debug|Mixed Platforms.Build.0 = Debug|x86
		{A49127F3-000B-449D-9BDD-C41FEC468D25}.Debug|x64.ActiveCfg = Debug|x86
		{A49127F3-000B-449D-9BDD-C41FEC468D25}.Debug|x86.ActiveCfg = Debug|x86
		{A49127F3-000B-449D-9BDD-C41FEC468D25}.Debug|x86.Build.0 = Debug|x86
		{A49127F3-000B-449D-9BDD-C41FEC468D25}.Debug|Xbox 360.ActiveCfg = Debug|x86
		{A49127F3-000B-449D-9BDD-C41FEC468D25}.Debug|Xbox 360.Build.0 = Debug|x86
		{A49127F3-000B-449D-9BDD-C41FEC468D25}.OSX-Linux|Any CPU.ActiveCfg = Release|x86
		{A49127F3-000B-449D-9BDD-C41FEC468D25}.OSX-Linux|Mixed Platforms.ActiveCfg = Release|x86
		{A49127F3-000B-449D-9BDD-C41FEC468D25}.OSX-Linux|Mixed Platforms.Build.0 = Release|x86
		{A49127F3-000B-449D-9BDD-C41FEC468D25}.OSX-Linux|x64.ActiveCfg = Release|x86
		{A49127F3-000B-449D-9BDD-C41FEC468D25}.OSX-Linux|x86.ActiveCfg = Release|x86
		{A49127F3-000B-449D-9BDD-C41FEC468D25}.OSX-Linux|x86.Build.0 = Release|x86
		{A49127F3-000B-449D-9BDD-C41FEC468D25}.OSX-Linux|Xbox 360.ActiveCfg = Release|x86
		{A49127F3-000B-449D-9BDD-C41FEC468D25}.Release|Any CPU.ActiveCfg = Release|x86
		{A49127F3-000B-449D-9BDD-C41FEC468D25}.Release|Mixed Platforms.ActiveCfg = Release|x86
		{A49127F3-000B-449D-9BDD-C41FEC468D25}.Release|Mixed Platforms.Build.0 = Release|x86
		{A49127F3-000B-449D-9BDD-C41FEC468D25}.Release|x64.ActiveCfg = Release|x86
		{A49127F3-000B-449D-9BDD-C41FEC468D25}.Release|x86.ActiveCfg = Release|x86
		{A49127F3-000B-449D-9BDD-C41FEC468D25}.Release|x86.Build.0 = Release|x86
		{A49127F3-000B-449D-9BDD-C41FEC468D25}.Release|Xbox 360.ActiveCfg = Release|x86
		{A49127F3-000B-449D-9BDD-C41FEC468D25}.Release|Xbox 360.Build.0 = Release|x86
		{A49127F3-000B-449D-9BDD-C41FEC468D25}.Windows|Any CPU.ActiveCfg = Release|x86
		{A49127F3-000B-449D-9BDD-C41FEC468D25}.Windows|Mixed Platforms.ActiveCfg = Release|x86
		{A49127F3-000B-449D-9BDD-C41FEC468D25}.Windows|Mixed Platforms.Build.0 = Release|x86
		{A49127F3-000B-449D-9BDD-C41FEC468D25}.Windows|x64.ActiveCfg = Release|x86
		{A49127F3-000B-449D-9BDD-C41FEC468D25}.Windows|x86.ActiveCfg = Release|x86
		{A49127F3-000B-449D-9BDD-C41FEC468D25}.Windows|x86.Build.0 = Release|x86
		{A49127F3-000B-449D-9BDD-C41FEC468D25}.Windows|Xbox 360.ActiveCfg = Release|x86
		{992C403F-0D4E-4EB8-8639-C8FCC6ADD58B}.Debug|Any CPU.ActiveCfg = Debug|x86
		{992C403F-0D4E-4EB8-8639-C8FCC6ADD58B}.Debug|Mixed Platforms.ActiveCfg = Debug|x86
		{992C403F-0D4E-4EB8-8639-C8FCC6ADD58B}.Debug|x64.ActiveCfg = Debug|x86
		{992C403F-0D4E-4EB8-8639-C8FCC6ADD58B}.Debug|x86.ActiveCfg = Debug|x86
		{992C403F-0D4E-4EB8-8639-C8FCC6ADD58B}.Debug|Xbox 360.ActiveCfg = Debug|x86
		{992C403F-0D4E-4EB8-8639-C8FCC6ADD58B}.OSX-Linux|Any CPU.ActiveCfg = Release|x86
		{992C403F-0D4E-4EB8-8639-C8FCC6ADD58B}.OSX-Linux|Mixed Platforms.ActiveCfg = Release|x86
		{992C403F-0D4E-4EB8-8639-C8FCC6ADD58B}.OSX-Linux|x64.ActiveCfg = Release|x86
		{992C403F-0D4E-4EB8-8639-C8FCC6ADD58B}.OSX-Linux|x86.ActiveCfg = Release|x86
		{992C403F-0D4E-4EB8-8639-C8FCC6ADD58B}.OSX-Linux|Xbox 360.ActiveCfg = Release|x86
		{992C403F-0D4E-4EB8-8639-C8FCC6ADD58B}.Release|Any CPU.ActiveCfg = Release|x86
		{992C403F-0D4E-4EB8-8639-C8FCC6ADD58B}.Release|Mixed Platforms.ActiveCfg = Release|x86
		{992C403F-0D4E-4EB8-8639-C8FCC6ADD58B}.Release|x64.ActiveCfg = Release|x86
		{992C403F-0D4E-4EB8-8639-C8FCC6ADD58B}.Release|x86.ActiveCfg = Release|x86
		{992C403F-0D4E-4EB8-8639-C8FCC6ADD58B}.Release|Xbox 360.ActiveCfg = Release|x86
		{992C403F-0D4E-4EB8-8639-C8FCC6ADD58B}.Windows|Any CPU.ActiveCfg = Release|x86
		{992C403F-0D4E-4EB8-8639-C8FCC6ADD58B}.Windows|Mixed Platforms.ActiveCfg = Release|x86
		{992C403F-0D4E-4EB8-8639-C8FCC6ADD58B}.Windows|x64.ActiveCfg = Release|x86
		{992C403F-0D4E-4EB8-8639-C8FCC6ADD58B}.Windows|x86.ActiveCfg = Release|x86
		{992C403F-0D4E-4EB8-8639-C8FCC6ADD58B}.Windows|Xbox 360.ActiveCfg = Release|x86
		{B388E7E2-DA9E-49B1-943E-1C7B34FB02A8}.Debug|Any CPU.ActiveCfg = Debug|x86
		{B388E7E2-DA9E-49B1-943E-1C7B34FB02A8}.Debug|Mixed Platforms.ActiveCfg = Debug|x86
		{B388E7E2-DA9E-49B1-943E-1C7B34FB02A8}.Debug|Mixed Platforms.Build.0 = Debug|x86
		{B388E7E2-DA9E-49B1-943E-1C7B34FB02A8}.Debug|x64.ActiveCfg = Debug|x86
		{B388E7E2-DA9E-49B1-943E-1C7B34FB02A8}.Debug|x86.ActiveCfg = Debug|x86
		{B388E7E2-DA9E-49B1-943E-1C7B34FB02A8}.Debug|x86.Build.0 = Debug|x86
		{B388E7E2-DA9E-49B1-943E-1C7B34FB02A8}.Debug|Xbox 360.ActiveCfg = Debug|x86
		{B388E7E2-DA9E-49B1-943E-1C7B34FB02A8}.OSX-Linux|Any CPU.ActiveCfg = Release|x86
		{B388E7E2-DA9E-49B1-943E-1C7B34FB02A8}.OSX-Linux|Mixed Platforms.ActiveCfg = Release|x86
		{B388E7E2-DA9E-49B1-943E-1C7B34FB02A8}.OSX-Linux|Mixed Platforms.Build.0 = Release|x86
		{B388E7E2-DA9E-49B1-943E-1C7B34FB02A8}.OSX-Linux|x64.ActiveCfg = Release|x86
		{B388E7E2-DA9E-49B1-943E-1C7B34FB02A8}.OSX-Linux|x86.ActiveCfg = Release|x86
		{B388E7E2-DA9E-49B1-943E-1C7B34FB02A8}.OSX-Linux|x86.Build.0 = Release|x86
		{B388E7E2-DA9E-49B1-943E-1C7B34FB02A8}.OSX-Linux|Xbox 360.ActiveCfg = Release|x86
		{B388E7E2-DA9E-49B1-943E-1C7B34FB02A8}.Release|Any CPU.ActiveCfg = Release|x86
		{B388E7E2-DA9E-49B1-943E-1C7B34FB02A8}.Release|Mixed Platforms.ActiveCfg = Release|x86
		{B388E7E2-DA9E-49B1-943E-1C7B34FB02A8}.Release|Mixed Platforms.Build.0 = Release|x86
		{B388E7E2-DA9E-49B1-943E-1C7B34FB02A8}.Release|x64.ActiveCfg = Release|x86
		{B388E7E2-DA9E-49B1-943E-1C7B34FB02A8}.Release|x86.ActiveCfg = Release|x86
		{B388E7E2-DA9E-49B1-943E-1C7B34FB02A8}.Release|x86.Build.0 = Release|x86
		{B388E7E2-DA9E-49B1-943E-1C7B34FB02A8}.Release|Xbox 360.ActiveCfg = Release|x86
		{B388E7E2-DA9E-49B1-943E-1C7B34FB02A8}.Windows|Any CPU.ActiveCfg = Release|x86
		{B388E7E2-DA9E-49B1-943E-1C7B34FB02A8}.Windows|Mixed Platforms.ActiveCfg = Release|x86
		{B388E7E2-DA9E-49B1-943E-1C7B34FB02A8}.Windows|Mixed Platforms.Build.0 = Release|x86
		{B388E7E2-DA9E-49B1-943E-1C7B34FB02A8}.Windows|x64.ActiveCfg = Release|x86
		{B388E7E2-DA9E-49B1-943E-1C7B34FB02A8}.Windows|x86.ActiveCfg = Release|x86
		{B388E7E2-DA9E-49B1-943E-1C7B34FB02A8}.Windows|x86.Build.0 = Release|x86
		{B388E7E2-DA9E-49B1-943E-1C7B34FB02A8}.Windows|Xbox 360.ActiveCfg = Release|x86
		{B42A4AE0-5070-4C88-92E6-7A256A7FE697}.Debug|Any CPU.ActiveCfg = Debug|x86
		{B42A4AE0-5070-4C88-92E6-7A256A7FE697}.Debug|Mixed Platforms.ActiveCfg = Debug|x86
		{B42A4AE0-5070-4C88-92E6-7A256A7FE697}.Debug|Mixed Platforms.Build.0 = Debug|x86
		{B42A4AE0-5070-4C88-92E6-7A256A7FE697}.Debug|x64.ActiveCfg = Debug|x86
		{B42A4AE0-5070-4C88-92E6-7A256A7FE697}.Debug|x86.ActiveCfg = Debug|x86
		{B42A4AE0-5070-4C88-92E6-7A256A7FE697}.Debug|x86.Build.0 = Debug|x86
		{B42A4AE0-5070-4C88-92E6-7A256A7FE697}.Debug|Xbox 360.ActiveCfg = Debug|x86
		{B42A4AE0-5070-4C88-92E6-7A256A7FE697}.OSX-Linux|Any CPU.ActiveCfg = Release|x86
		{B42A4AE0-5070-4C88-92E6-7A256A7FE697}.OSX-Linux|Mixed Platforms.ActiveCfg = Release|x86
		{B42A4AE0-5070-4C88-92E6-7A256A7FE697}.OSX-Linux|Mixed Platforms.Build.0 = Release|x86
		{B42A4AE0-5070-4C88-92E6-7A256A7FE697}.OSX-Linux|x64.ActiveCfg = Release|x86
		{B42A4AE0-5070-4C88-92E6-7A256A7FE697}.OSX-Linux|x86.ActiveCfg = Release|x86
		{B42A4AE0-5070-4C88-92E6-7A256A7FE697}.OSX-Linux|x86.Build.0 = Release|x86
		{B42A4AE0-5070-4C88-92E6-7A256A7FE697}.OSX-Linux|Xbox 360.ActiveCfg = Release|x86
		{B42A4AE0-5070-4C88-92E6-7A256A7FE697}.Release|Any CPU.ActiveCfg = Release|x86
		{B42A4AE0-5070-4C88-92E6-7A256A7FE697}.Release|Mixed Platforms.ActiveCfg = Release|x86
		{B42A4AE0-5070-4C88-92E6-7A256A7FE697}.Release|Mixed Platforms.Build.0 = Release|x86
		{B42A4AE0-5070-4C88-92E6-7A256A7FE697}.Release|x64.ActiveCfg = Release|x86
		{B42A4AE0-5070-4C88-92E6-7A256A7FE697}.Release|x86.ActiveCfg = Release|x86
		{B42A4AE0-5070-4C88-92E6-7A256A7FE697}.Release|x86.Build.0 = Release|x86
		{B42A4AE0-5070-4C88-92E6-7A256A7FE697}.Release|Xbox 360.ActiveCfg = Release|x86
		{B42A4AE0-5070-4C88-92E6-7A256A7FE697}.Windows|Any CPU.ActiveCfg = Release|x86
		{B42A4AE0-5070-4C88-92E6-7A256A7FE697}.Windows|Mixed Platforms.ActiveCfg = Release|x86
		{B42A4AE0-5070-4C88-92E6-7A256A7FE697}.Windows|Mixed Platforms.Build.0 = Release|x86
		{B42A4AE0-5070-4C88-92E6-7A256A7FE697}.Windows|x64.ActiveCfg = Release|x86
		{B42A4AE0-5070-4C88-92E6-7A256A7FE697}.Windows|x86.ActiveCfg = Release|x86
		{B42A4AE0-5070-4C88-92E6-7A256A7FE697}.Windows|x86.Build.0 = Release|x86
		{B42A4AE0-5070-4C88-92E6-7A256A7FE697}.Windows|Xbox 360.ActiveCfg = Release|x86
		{F266F27A-090A-415F-A37E-EB81EE8AB619}.Debug|Any CPU.ActiveCfg = Debug|Any CPU
		{F266F27A-090A-415F-A37E-EB81EE8AB619}.Debug|Any CPU.Build.0 = Debug|Any CPU
		{F266F27A-090A-415F-A37E-EB81EE8AB619}.Debug|Mixed Platforms.ActiveCfg = Debug|Any CPU
		{F266F27A-090A-415F-A37E-EB81EE8AB619}.Debug|Mixed Platforms.Build.0 = Debug|Any CPU
		{F266F27A-090A-415F-A37E-EB81EE8AB619}.Debug|x64.ActiveCfg = Debug|Any CPU
		{F266F27A-090A-415F-A37E-EB81EE8AB619}.Debug|x86.ActiveCfg = Debug|Any CPU
		{F266F27A-090A-415F-A37E-EB81EE8AB619}.Debug|Xbox 360.ActiveCfg = Debug|Any CPU
		{F266F27A-090A-415F-A37E-EB81EE8AB619}.OSX-Linux|Any CPU.ActiveCfg = Release|Any CPU
		{F266F27A-090A-415F-A37E-EB81EE8AB619}.OSX-Linux|Any CPU.Build.0 = Release|Any CPU
		{F266F27A-090A-415F-A37E-EB81EE8AB619}.OSX-Linux|Mixed Platforms.ActiveCfg = Release|Any CPU
		{F266F27A-090A-415F-A37E-EB81EE8AB619}.OSX-Linux|Mixed Platforms.Build.0 = Release|Any CPU
		{F266F27A-090A-415F-A37E-EB81EE8AB619}.OSX-Linux|x64.ActiveCfg = Release|Any CPU
		{F266F27A-090A-415F-A37E-EB81EE8AB619}.OSX-Linux|x86.ActiveCfg = Release|Any CPU
		{F266F27A-090A-415F-A37E-EB81EE8AB619}.OSX-Linux|Xbox 360.ActiveCfg = Release|Any CPU
		{F266F27A-090A-415F-A37E-EB81EE8AB619}.Release|Any CPU.ActiveCfg = Release|Any CPU
		{F266F27A-090A-415F-A37E-EB81EE8AB619}.Release|Any CPU.Build.0 = Release|Any CPU
		{F266F27A-090A-415F-A37E-EB81EE8AB619}.Release|Mixed Platforms.ActiveCfg = Release|Any CPU
		{F266F27A-090A-415F-A37E-EB81EE8AB619}.Release|Mixed Platforms.Build.0 = Release|Any CPU
		{F266F27A-090A-415F-A37E-EB81EE8AB619}.Release|x64.ActiveCfg = Release|Any CPU
		{F266F27A-090A-415F-A37E-EB81EE8AB619}.Release|x86.ActiveCfg = Release|Any CPU
		{F266F27A-090A-415F-A37E-EB81EE8AB619}.Release|Xbox 360.ActiveCfg = Release|Any CPU
		{F266F27A-090A-415F-A37E-EB81EE8AB619}.Windows|Any CPU.ActiveCfg = Release|Any CPU
		{F266F27A-090A-415F-A37E-EB81EE8AB619}.Windows|Any CPU.Build.0 = Release|Any CPU
		{F266F27A-090A-415F-A37E-EB81EE8AB619}.Windows|Mixed Platforms.ActiveCfg = Release|Any CPU
		{F266F27A-090A-415F-A37E-EB81EE8AB619}.Windows|Mixed Platforms.Build.0 = Release|Any CPU
		{F266F27A-090A-415F-A37E-EB81EE8AB619}.Windows|x64.ActiveCfg = Release|Any CPU
		{F266F27A-090A-415F-A37E-EB81EE8AB619}.Windows|x86.ActiveCfg = Release|Any CPU
		{F266F27A-090A-415F-A37E-EB81EE8AB619}.Windows|Xbox 360.ActiveCfg = Release|Any CPU
		{A20C5C51-F6DE-4D7C-AD90-BA3C3E3AA954}.Debug|Any CPU.ActiveCfg = Debug|Any CPU
		{A20C5C51-F6DE-4D7C-AD90-BA3C3E3AA954}.Debug|Any CPU.Build.0 = Debug|Any CPU
		{A20C5C51-F6DE-4D7C-AD90-BA3C3E3AA954}.Debug|Mixed Platforms.ActiveCfg = Debug|Any CPU
		{A20C5C51-F6DE-4D7C-AD90-BA3C3E3AA954}.Debug|Mixed Platforms.Build.0 = Debug|Any CPU
		{A20C5C51-F6DE-4D7C-AD90-BA3C3E3AA954}.Debug|x64.ActiveCfg = Debug|Any CPU
		{A20C5C51-F6DE-4D7C-AD90-BA3C3E3AA954}.Debug|x86.ActiveCfg = Debug|Any CPU
		{A20C5C51-F6DE-4D7C-AD90-BA3C3E3AA954}.Debug|Xbox 360.ActiveCfg = Debug|Any CPU
		{A20C5C51-F6DE-4D7C-AD90-BA3C3E3AA954}.OSX-Linux|Any CPU.ActiveCfg = Release|Any CPU
		{A20C5C51-F6DE-4D7C-AD90-BA3C3E3AA954}.OSX-Linux|Any CPU.Build.0 = Release|Any CPU
		{A20C5C51-F6DE-4D7C-AD90-BA3C3E3AA954}.OSX-Linux|Mixed Platforms.ActiveCfg = Release|Any CPU
		{A20C5C51-F6DE-4D7C-AD90-BA3C3E3AA954}.OSX-Linux|Mixed Platforms.Build.0 = Release|Any CPU
		{A20C5C51-F6DE-4D7C-AD90-BA3C3E3AA954}.OSX-Linux|x64.ActiveCfg = Release|Any CPU
		{A20C5C51-F6DE-4D7C-AD90-BA3C3E3AA954}.OSX-Linux|x86.ActiveCfg = Release|Any CPU
		{A20C5C51-F6DE-4D7C-AD90-BA3C3E3AA954}.OSX-Linux|Xbox 360.ActiveCfg = Release|Any CPU
		{A20C5C51-F6DE-4D7C-AD90-BA3C3E3AA954}.Release|Any CPU.ActiveCfg = Release|Any CPU
		{A20C5C51-F6DE-4D7C-AD90-BA3C3E3AA954}.Release|Any CPU.Build.0 = Release|Any CPU
		{A20C5C51-F6DE-4D7C-AD90-BA3C3E3AA954}.Release|Mixed Platforms.ActiveCfg = Release|Any CPU
		{A20C5C51-F6DE-4D7C-AD90-BA3C3E3AA954}.Release|Mixed Platforms.Build.0 = Release|Any CPU
		{A20C5C51-F6DE-4D7C-AD90-BA3C3E3AA954}.Release|x64.ActiveCfg = Release|Any CPU
		{A20C5C51-F6DE-4D7C-AD90-BA3C3E3AA954}.Release|x86.ActiveCfg = Release|Any CPU
		{A20C5C51-F6DE-4D7C-AD90-BA3C3E3AA954}.Release|Xbox 360.ActiveCfg = Release|Any CPU
		{A20C5C51-F6DE-4D7C-AD90-BA3C3E3AA954}.Windows|Any CPU.ActiveCfg = Release|Any CPU
		{A20C5C51-F6DE-4D7C-AD90-BA3C3E3AA954}.Windows|Any CPU.Build.0 = Release|Any CPU
		{A20C5C51-F6DE-4D7C-AD90-BA3C3E3AA954}.Windows|Mixed Platforms.ActiveCfg = Release|Any CPU
		{A20C5C51-F6DE-4D7C-AD90-BA3C3E3AA954}.Windows|Mixed Platforms.Build.0 = Release|Any CPU
		{A20C5C51-F6DE-4D7C-AD90-BA3C3E3AA954}.Windows|x64.ActiveCfg = Release|Any CPU
		{A20C5C51-F6DE-4D7C-AD90-BA3C3E3AA954}.Windows|x86.ActiveCfg = Release|Any CPU
		{A20C5C51-F6DE-4D7C-AD90-BA3C3E3AA954}.Windows|Xbox 360.ActiveCfg = Release|Any CPU
	EndGlobalSection
	GlobalSection(SolutionProperties) = preSolution
		HideSolutionNode = FALSE
	EndGlobalSection
EndGlobal
